<?xml version="1.0" encoding="UTF-8"?>
<CONFIG>
  <ProjectOptions>
    <Version Value="12"/>
    <PathDelim Value="\"/>
    <General>
      <Flags>
        <MainUnitHasUsesSectionForAllUnits Value="False"/>
        <MainUnitHasCreateFormStatements Value="False"/>
        <MainUnitHasTitleStatement Value="False"/>
        <MainUnitHasScaledStatement Value="False"/>
        <CompatibilityMode Value="True"/>
      </Flags>
      <SessionStorage Value="InProjectDir"/>
      <AutoCreateForms Value="False"/>
      <Title Value="LCDSmartie"/>
      <UseAppBundle Value="False"/>
      <ResourceType Value="res"/>
      <Icon Value="0"/>
      <Resources Count="45">
        <Resource_0 FileName="images\default\bar_left.bmp" Type="BITMAP" ResourceName="BAR_LEFT"/>
        <Resource_1 FileName="images\default\bar_middle.bmp" Type="BITMAP" ResourceName="BAR_MIDDLE"/>
        <Resource_2 FileName="images\default\bar_right.bmp" Type="BITMAP" ResourceName="BAR_RIGHT"/>
        <Resource_3 FileName="images\default\big_arrow_left_down.bmp" Type="BITMAP" ResourceName="BIG_ARROW_LEFT_DOWN"/>
        <Resource_4 FileName="images\default\big_arrow_left_up.bmp" Type="BITMAP" ResourceName="BIG_ARROW_LEFT_UP"/>
        <Resource_5 FileName="images\default\big_arrow_right_down.bmp" Type="BITMAP" ResourceName="BIG_ARROW_RIGHT_DOWN"/>
        <Resource_6 FileName="images\default\big_arrow_right_up.bmp" Type="BITMAP" ResourceName="BIG_ARROW_RIGHT_UP"/>
        <Resource_7 FileName="images\default\hide_down.bmp" Type="BITMAP" ResourceName="HIDE_DOWN"/>
        <Resource_8 FileName="images\default\hide_up.bmp" Type="BITMAP" ResourceName="HIDE_UP"/>
        <Resource_9 FileName="images\default\logo.bmp" Type="BITMAP" ResourceName="LOGO"/>
        <Resource_10 FileName="images\default\setup_down.bmp" Type="BITMAP" ResourceName="SETUP_DOWN"/>
        <Resource_11 FileName="images\default\setup_up.bmp" Type="BITMAP" ResourceName="SETUP_UP"/>
        <Resource_12 FileName="images\default\small_arrow_left_down1.bmp" Type="BITMAP" ResourceName="SMALL_ARROW_LEFT_DOWN1"/>
        <Resource_13 FileName="images\default\small_arrow_left_down2.bmp" Type="BITMAP" ResourceName="SMALL_ARROW_LEFT_DOWN2"/>
        <Resource_14 FileName="images\default\small_arrow_left_down3.bmp" Type="BITMAP" ResourceName="SMALL_ARROW_LEFT_DOWN3"/>
        <Resource_15 FileName="images\default\small_arrow_left_down4.bmp" Type="BITMAP" ResourceName="SMALL_ARROW_LEFT_DOWN4"/>
        <Resource_16 FileName="images\default\small_arrow_left_down5.bmp" Type="BITMAP" ResourceName="SMALL_ARROW_LEFT_DOWN5"/>
        <Resource_17 FileName="images\default\small_arrow_left_down6.bmp" Type="BITMAP" ResourceName="SMALL_ARROW_LEFT_DOWN6"/>
        <Resource_18 FileName="images\default\small_arrow_left_down7.bmp" Type="BITMAP" ResourceName="SMALL_ARROW_LEFT_DOWN7"/>
        <Resource_19 FileName="images\default\small_arrow_left_down8.bmp" Type="BITMAP" ResourceName="SMALL_ARROW_LEFT_DOWN8"/>
        <Resource_20 FileName="images\default\small_arrow_left_up1.bmp" Type="BITMAP" ResourceName="SMALL_ARROW_LEFT_UP1"/>
        <Resource_21 FileName="images\default\small_arrow_left_up2.bmp" Type="BITMAP" ResourceName="SMALL_ARROW_LEFT_UP2"/>
        <Resource_22 FileName="images\default\small_arrow_left_up3.bmp" Type="BITMAP" ResourceName="SMALL_ARROW_LEFT_UP3"/>
        <Resource_23 FileName="images\default\small_arrow_left_up4.bmp" Type="BITMAP" ResourceName="SMALL_ARROW_LEFT_UP4"/>
        <Resource_24 FileName="images\default\small_arrow_left_up5.bmp" Type="BITMAP" ResourceName="SMALL_ARROW_LEFT_UP5"/>
        <Resource_25 FileName="images\default\small_arrow_left_up6.bmp" Type="BITMAP" ResourceName="SMALL_ARROW_LEFT_UP6"/>
        <Resource_26 FileName="images\default\small_arrow_left_up7.bmp" Type="BITMAP" ResourceName="SMALL_ARROW_LEFT_UP7"/>
        <Resource_27 FileName="images\default\small_arrow_left_up8.bmp" Type="BITMAP" ResourceName="SMALL_ARROW_LEFT_UP8"/>
        <Resource_28 FileName="images\default\small_arrow_right_down1.bmp" Type="BITMAP" ResourceName="SMALL_ARROW_RIGHT_DOWN1"/>
        <Resource_29 FileName="images\default\small_arrow_right_down2.bmp" Type="BITMAP" ResourceName="SMALL_ARROW_RIGHT_DOWN2"/>
        <Resource_30 FileName="images\default\small_arrow_right_down3.bmp" Type="BITMAP" ResourceName="SMALL_ARROW_RIGHT_DOWN3"/>
        <Resource_31 FileName="images\default\small_arrow_right_down4.bmp" Type="BITMAP" ResourceName="SMALL_ARROW_RIGHT_DOWN4"/>
        <Resource_32 FileName="images\default\small_arrow_right_down5.bmp" Type="BITMAP" ResourceName="SMALL_ARROW_RIGHT_DOWN5"/>
        <Resource_33 FileName="images\default\small_arrow_right_down6.bmp" Type="BITMAP" ResourceName="SMALL_ARROW_RIGHT_DOWN6"/>
        <Resource_34 FileName="images\default\small_arrow_right_down7.bmp" Type="BITMAP" ResourceName="SMALL_ARROW_RIGHT_DOWN7"/>
        <Resource_35 FileName="images\default\small_arrow_right_down8.bmp" Type="BITMAP" ResourceName="SMALL_ARROW_RIGHT_DOWN8"/>
        <Resource_36 FileName="images\default\small_arrow_right_up1.bmp" Type="BITMAP" ResourceName="SMALL_ARROW_RIGHT_UP1"/>
        <Resource_37 FileName="images\default\small_arrow_right_up2.bmp" Type="BITMAP" ResourceName="SMALL_ARROW_RIGHT_UP2"/>
        <Resource_38 FileName="images\default\small_arrow_right_up3.bmp" Type="BITMAP" ResourceName="SMALL_ARROW_RIGHT_UP3"/>
        <Resource_39 FileName="images\default\small_arrow_right_up4.bmp" Type="BITMAP" ResourceName="SMALL_ARROW_RIGHT_UP4"/>
        <Resource_40 FileName="images\default\small_arrow_right_up5.bmp" Type="BITMAP" ResourceName="SMALL_ARROW_RIGHT_UP5"/>
        <Resource_41 FileName="images\default\small_arrow_right_up6.bmp" Type="BITMAP" ResourceName="SMALL_ARROW_RIGHT_UP6"/>
        <Resource_42 FileName="images\default\small_arrow_right_up7.bmp" Type="BITMAP" ResourceName="SMALL_ARROW_RIGHT_UP7"/>
        <Resource_43 FileName="images\default\small_arrow_right_up8.bmp" Type="BITMAP" ResourceName="SMALL_ARROW_RIGHT_UP8"/>
        <Resource_44 FileName="images\default\smartie.ico" Type="ICON" ResourceName="SMARTIE"/>
      </Resources>
    </General>
    <VersionInfo>
      <UseVersionInfo Value="True"/>
      <AutoIncrementBuild Value="True"/>
      <MajorVersionNr Value="5"/>
      <MinorVersionNr Value="5"/>
      <RevisionNr Value="4"/>
      <BuildNr Value="40"/>
      <CharSet Value="04B0"/>
      <StringTable CompanyName="LCD Smartie Team" FileDescription="LCD Smartie Main Program" InternalName="LCDSmartie.exe"/>
    </VersionInfo>
    <BuildModes Count="3">
      <Item1 Name="32 bit Debug" Default="True"/>
      <Item2 Name="32 bit Release">
        <CompilerOptions>
          <Version Value="11"/>
          <PathDelim Value="\"/>
          <Target>
            <Filename Value="release-dir\LCDSmartie.exe"/>
          </Target>
          <SearchPaths>
            <IncludeFiles Value="$(ProjOutDir)"/>
            <UnitOutputDirectory Value="fuo"/>
            <ObjectPath Value="components\CoolTrayIcon"/>
          </SearchPaths>
          <Parsing>
            <Style Value="1"/>
            <SyntaxOptions>
              <SyntaxMode Value="Delphi"/>
              <UseAnsiStrings Value="False"/>
            </SyntaxOptions>
          </Parsing>
          <CodeGeneration>
            <SmartLinkUnit Value="True"/>
            <RelocatableUnit Value="True"/>
            <TargetCPU Value="i386"/>
            <TargetOS Value="win32"/>
            <Optimizations>
              <OptimizationLevel Value="2"/>
            </Optimizations>
          </CodeGeneration>
          <Linking>
            <Debugging>
              <GenerateDebugInfo Value="False"/>
              <DebugInfoType Value="dsDwarf2Set"/>
              <StripSymbols Value="True"/>
              <UseExternalDbgSyms Value="True"/>
            </Debugging>
            <LinkSmart Value="True"/>
            <Options>
              <Win32>
                <GraphicApplication Value="True"/>
              </Win32>
            </Options>
          </Linking>
          <Other>
            <Verbosity>
              <ShoLineNum Value="True"/>
              <ShowAll Value="True"/>
              <ShowDebugInfo Value="True"/>
              <ShowUsedFiles Value="True"/>
              <ShowTriedFiles Value="True"/>
              <ShowCompProc Value="True"/>
              <ShowCond Value="True"/>
              <ShowExecInfo Value="True"/>
              <ShowHintsForUnusedUnitsInMainSrc Value="True"/>
              <ShowHintsForSenderNotUsed Value="True"/>
            </Verbosity>
            <CustomOptions Value="-CPPACKRECORD=8
-SIcom
-WR
-dBorland
-dVer150
-dDelphi7
-dCompiler6_Up
-dPUREPASCAL"/>
            <OtherDefines Count="5">
              <Define0 Value="Borland"/>
              <Define1 Value="Ver150"/>
              <Define2 Value="Delphi7"/>
              <Define3 Value="Compiler6_Up"/>
              <Define4 Value="PUREPASCAL"/>
            </OtherDefines>
          </Other>
        </CompilerOptions>
      </Item2>
      <Item3 Name="64 bit Debug">
        <CompilerOptions>
          <Version Value="11"/>
          <PathDelim Value="\"/>
          <Target>
            <Filename Value="x64\release-dir\LCDSmartie.exe"/>
          </Target>
          <SearchPaths>
            <IncludeFiles Value="$(ProjOutDir)"/>
            <UnitOutputDirectory Value="lib\$(TargetCPU)-$(TargetOS)"/>
            <ObjectPath Value="components\CoolTrayIcon"/>
          </SearchPaths>
          <Parsing>
            <SyntaxOptions>
              <SyntaxMode Value="Delphi"/>
              <IncludeAssertionCode Value="True"/>
              <UseAnsiStrings Value="False"/>
            </SyntaxOptions>
          </Parsing>
          <CodeGeneration>
            <SmartLinkUnit Value="True"/>
            <Checks>
              <IOChecks Value="True"/>
              <RangeChecks Value="True"/>
              <OverflowChecks Value="True"/>
              <StackChecks Value="True"/>
            </Checks>
            <VerifyObjMethodCallValidity Value="True"/>
            <TargetCPU Value="x86_64"/>
            <TargetOS Value="win64"/>
          </CodeGeneration>
          <Linking>
            <Debugging>
              <DebugInfoType Value="dsDwarf3"/>
              <TrashVariables Value="True"/>
              <UseExternalDbgSyms Value="True"/>
            </Debugging>
            <LinkSmart Value="True"/>
            <Options>
              <Win32>
                <GraphicApplication Value="True"/>
              </Win32>
            </Options>
          </Linking>
          <Other>
            <Verbosity>
              <ShoLineNum Value="True"/>
              <ShowAll Value="True"/>
              <ShowDebugInfo Value="True"/>
              <ShowUsedFiles Value="True"/>
              <ShowTriedFiles Value="True"/>
              <ShowCompProc Value="True"/>
              <ShowCond Value="True"/>
              <ShowExecInfo Value="True"/>
              <ShowHintsForUnusedUnitsInMainSrc Value="True"/>
              <ShowHintsForSenderNotUsed Value="True"/>
            </Verbosity>
            <CustomOptions Value="-CPPACKRECORD=8
-dBorland
-dVer150
-dDelphi7
-dCompiler6_Up
-dPUREPASCAL"/>
            <OtherDefines Count="5">
              <Define0 Value="Borland"/>
              <Define1 Value="Ver150"/>
              <Define2 Value="Delphi7"/>
              <Define3 Value="Compiler6_Up"/>
              <Define4 Value="PUREPASCAL"/>
            </OtherDefines>
          </Other>
        </CompilerOptions>
      </Item3>
    </BuildModes>
    <PublishOptions>
      <Version Value="2"/>
      <UseFileFilters Value="True"/>
    </PublishOptions>
    <RunParams>
      <FormatVersion Value="2"/>
    </RunParams>
    <RequiredPackages Count="7">
      <Item1>
        <PackageName Value="FCL"/>
      </Item1>
      <Item2>
        <PackageName Value="ExceptionLogger"/>
      </Item2>
      <Item3>
        <PackageName Value="RunTimeTypeInfoControls"/>
      </Item3>
      <Item4>
        <PackageName Value="LazControls"/>
      </Item4>
      <Item5>
        <PackageName Value="WinampCtrl7"/>
      </Item5>
      <Item6>
        <PackageName Value="indylaz"/>
      </Item6>
      <Item7>
        <PackageName Value="LCL"/>
      </Item7>
    </RequiredPackages>
    <Units Count="21">
      <Unit0>
        <Filename Value="LCDSmartie.lpr"/>
        <IsPartOfProject Value="True"/>
      </Unit0>
      <Unit1>
        <Filename Value="UMain.pas"/>
        <IsPartOfProject Value="True"/>
        <ComponentName Value="LCDSmartieDisplayForm"/>
        <HasResources Value="True"/>
        <ResourceBaseClass Value="Form"/>
      </Unit1>
      <Unit2>
        <Filename Value="DEFFONT.PAS"/>
        <IsPartOfProject Value="True"/>
      </Unit2>
      <Unit3>
        <Filename Value="FONTMGR.pas"/>
        <IsPartOfProject Value="True"/>
      </Unit3>
      <Unit4>
        <Filename Value="UConfig.pas"/>
        <IsPartOfProject Value="True"/>
      </Unit4>
      <Unit5>
        <Filename Value="UCredits.pas"/>
        <IsPartOfProject Value="True"/>
        <ComponentName Value="CreditsForm"/>
        <HasResources Value="True"/>
        <ResourceBaseClass Value="Form"/>
      </Unit5>
      <Unit6>
        <Filename Value="UData.pas"/>
        <IsPartOfProject Value="True"/>
      </Unit6>
      <Unit7>
        <Filename Value="UDataDisk.pas"/>
        <IsPartOfProject Value="True"/>
      </Unit7>
      <Unit8>
        <Filename Value="UDataDNet.pas"/>
        <IsPartOfProject Value="True"/>
      </Unit8>
      <Unit9>
        <Filename Value="UDataEmail.pas"/>
        <IsPartOfProject Value="True"/>
      </Unit9>
      <Unit10>
        <Filename Value="UDataFolding.pas"/>
        <IsPartOfProject Value="True"/>
      </Unit10>
      <Unit11>
        <Filename Value="UDataGame.pas"/>
        <IsPartOfProject Value="True"/>
      </Unit11>
      <Unit12>
        <Filename Value="UDataNetwork.pas"/>
        <IsPartOfProject Value="True"/>
      </Unit12>
      <Unit13>
        <Filename Value="UDataRSS.pas"/>
        <IsPartOfProject Value="True"/>
      </Unit13>
      <Unit14>
        <Filename Value="UDataSender.pas"/>
        <IsPartOfProject Value="True"/>
      </Unit14>
      <Unit15>
        <Filename Value="udataboinc.pas"/>
        <IsPartOfProject Value="True"/>
        <UnitName Value="UDataBoinc"/>
      </Unit15>
      <Unit16>
        <Filename Value="USetup.pas"/>
        <IsPartOfProject Value="True"/>
        <ComponentName Value="SetupForm"/>
        <HasResources Value="True"/>
        <ResourceBaseClass Value="Form"/>
      </Unit16>
      <Unit17>
        <Filename Value="UCFSetup.pas"/>
        <IsPartOfProject Value="True"/>
        <ComponentName Value="CrystalFontzSetupForm"/>
        <HasResources Value="True"/>
        <ResourceBaseClass Value="Form"/>
      </Unit17>
      <Unit18>
        <Filename Value="UEditLine.pas"/>
        <IsPartOfProject Value="True"/>
        <ComponentName Value="FormEdit"/>
        <HasResources Value="True"/>
        <ResourceBaseClass Value="Form"/>
      </Unit18>
      <Unit19>
        <Filename Value="UDataSystem.pas"/>
        <IsPartOfProject Value="True"/>
      </Unit19>
      <Unit20>
        <Filename Value="lcdline.pas"/>
        <IsPartOfProject Value="True"/>
        <ComponentName Value="LCDLineFrame"/>
        <HasResources Value="True"/>
        <ResourceBaseClass Value="Frame"/>
      </Unit20>
    </Units>
  </ProjectOptions>
  <CompilerOptions>
    <Version Value="11"/>
    <PathDelim Value="\"/>
    <Target>
      <Filename Value="release-dir\LCDSmartie.exe"/>
    </Target>
    <SearchPaths>
      <IncludeFiles Value="$(ProjOutDir)"/>
      <UnitOutputDirectory Value="fuo"/>
      <ObjectPath Value="components\CoolTrayIcon"/>
    </SearchPaths>
    <Parsing>
      <Style Value="1"/>
      <SyntaxOptions>
        <SyntaxMode Value="Delphi"/>
        <UseAnsiStrings Value="False"/>
      </SyntaxOptions>
    </Parsing>
    <CodeGeneration>
      <SmartLinkUnit Value="True"/>
      <TargetCPU Value="i386"/>
      <TargetOS Value="win32"/>
    </CodeGeneration>
    <Linking>
      <Debugging>
        <DebugInfoType Value="dsDwarf2Set"/>
        <TrashVariables Value="True"/>
        <UseExternalDbgSyms Value="True"/>
      </Debugging>
      <LinkSmart Value="True"/>
      <Options>
        <Win32>
          <GraphicApplication Value="True"/>
        </Win32>
      </Options>
    </Linking>
    <Other>
      <Verbosity>
        <ShoLineNum Value="True"/>
        <ShowAll Value="True"/>
        <ShowDebugInfo Value="True"/>
        <ShowUsedFiles Value="True"/>
        <ShowTriedFiles Value="True"/>
        <ShowCompProc Value="True"/>
        <ShowCond Value="True"/>
        <ShowExecInfo Value="True"/>
        <ShowHintsForUnusedUnitsInMainSrc Value="True"/>
        <ShowHintsForSenderNotUsed Value="True"/>
      </Verbosity>
      <CustomOptions Value="-CPPACKRECORD=8
-SIcom
-WR
-dBorland
-dVer150
-dDelphi7
-dCompiler6_Up
-dPUREPASCAL"/>
    </Other>
  </CompilerOptions>
  <Debugging>
    <Exceptions Count="10">
      <Item1>
        <Name Value="EIdHTTPProtocolException"/>
      </Item1>
      <Item2>
        <Name Value="EIdSocketError"/>
      </Item2>
      <Item3>
        <Name Value="EIdConnClosedGracefully"/>
        <Enabled Value="False"/>
      </Item3>
      <Item4>
        <Name Value="Exception"/>
        <Enabled Value="False"/>
      </Item4>
      <Item5>
        <Name Value="EConvertError"/>
        <Enabled Value="False"/>
      </Item5>
      <Item6>
        <Name Value="EListError"/>
        <Enabled Value="False"/>
      </Item6>
      <Item7>
        <Name Value="ERangeError"/>
        <Enabled Value="False"/>
      </Item7>
      <Item8>
        <Name Value="RunError(201)"/>
        <Enabled Value="False"/>
      </Item8>
      <Item9>
        <Name Value="EFOpenError"/>
        <Enabled Value="False"/>
      </Item9>
      <Item10>
        <Name Value="EIdCouldNotBindSocket"/>
      </Item10>
    </Exceptions>
  </Debugging>
</CONFIG>
