<?xml version="1.0" encoding="UTF-8"?>
<CONFIG>
  <ProjectOptions>
    <Version Value="12"/>
    <PathDelim Value="\"/>
    <General>
      <Flags>
        <MainUnitHasUsesSectionForAllUnits Value="False"/>
        <MainUnitHasCreateFormStatements Value="False"/>
        <MainUnitHasTitleStatement Value="False"/>
        <MainUnitHasScaledStatement Value="False"/>
        <CompatibilityMode Value="True"/>
      </Flags>
      <SessionStorage Value="InProjectDir"/>
      <AutoCreateForms Value="False"/>
      <Title Value="LCDSmartie"/>
      <UseAppBundle Value="False"/>
      <ResourceType Value="res"/>
      <Icon Value="0"/>
    </General>
    <VersionInfo>
      <UseVersionInfo Value="True"/>
      <MajorVersionNr Value="5"/>
      <MinorVersionNr Value="5"/>
      <RevisionNr Value="3"/>
      <BuildNr Value="7"/>
      <CharSet Value="04B0"/>
    </VersionInfo>
    <BuildModes Count="3">
      <Item1 Name="32 bit Debug" Default="True"/>
      <Item2 Name="32 bit Release">
        <CompilerOptions>
          <Version Value="11"/>
          <PathDelim Value="\"/>
          <Target>
            <Filename Value="release-dir\LCDSmartie.exe"/>
          </Target>
          <SearchPaths>
            <IncludeFiles Value="$(ProjOutDir)"/>
            <UnitOutputDirectory Value="fuo"/>
            <ObjectPath Value="components\CoolTrayIcon"/>
          </SearchPaths>
          <Parsing>
            <Style Value="1"/>
            <SyntaxOptions>
              <SyntaxMode Value="Delphi"/>
              <UseAnsiStrings Value="False"/>
            </SyntaxOptions>
          </Parsing>
          <CodeGeneration>
            <SmartLinkUnit Value="True"/>
            <RelocatableUnit Value="True"/>
            <TargetCPU Value="i386"/>
            <TargetOS Value="win32"/>
            <Optimizations>
              <OptimizationLevel Value="2"/>
            </Optimizations>
          </CodeGeneration>
          <Linking>
            <Debugging>
              <GenerateDebugInfo Value="False"/>
              <DebugInfoType Value="dsDwarf2Set"/>
              <StripSymbols Value="True"/>
              <UseExternalDbgSyms Value="True"/>
            </Debugging>
            <LinkSmart Value="True"/>
            <Options>
              <Win32>
                <GraphicApplication Value="True"/>
              </Win32>
            </Options>
          </Linking>
          <Other>
            <Verbosity>
              <ShoLineNum Value="True"/>
              <ShowAll Value="True"/>
              <ShowDebugInfo Value="True"/>
              <ShowUsedFiles Value="True"/>
              <ShowTriedFiles Value="True"/>
              <ShowCompProc Value="True"/>
              <ShowCond Value="True"/>
              <ShowExecInfo Value="True"/>
              <ShowHintsForUnusedUnitsInMainSrc Value="True"/>
              <ShowHintsForSenderNotUsed Value="True"/>
            </Verbosity>
            <CustomOptions Value="-CPPACKRECORD=8
-SIcom
-WR
-dBorland
-dVer150
-dDelphi7
-dCompiler6_Up
-dPUREPASCAL"/>
            <OtherDefines Count="5">
              <Define0 Value="Borland"/>
              <Define1 Value="Ver150"/>
              <Define2 Value="Delphi7"/>
              <Define3 Value="Compiler6_Up"/>
              <Define4 Value="PUREPASCAL"/>
            </OtherDefines>
          </Other>
        </CompilerOptions>
      </Item2>
      <Item3 Name="64 bit Debug">
        <CompilerOptions>
          <Version Value="11"/>
          <PathDelim Value="\"/>
          <Target>
            <Filename Value="x64\release-dir\LCDSmartie.exe"/>
          </Target>
          <SearchPaths>
            <IncludeFiles Value="$(ProjOutDir)"/>
            <UnitOutputDirectory Value="lib\$(TargetCPU)-$(TargetOS)"/>
            <ObjectPath Value="components\CoolTrayIcon"/>
          </SearchPaths>
          <Parsing>
            <SyntaxOptions>
              <SyntaxMode Value="Delphi"/>
              <IncludeAssertionCode Value="True"/>
              <UseAnsiStrings Value="False"/>
            </SyntaxOptions>
          </Parsing>
          <CodeGeneration>
            <SmartLinkUnit Value="True"/>
            <Checks>
              <IOChecks Value="True"/>
              <RangeChecks Value="True"/>
              <OverflowChecks Value="True"/>
              <StackChecks Value="True"/>
            </Checks>
            <VerifyObjMethodCallValidity Value="True"/>
            <TargetCPU Value="x86_64"/>
            <TargetOS Value="win64"/>
          </CodeGeneration>
          <Linking>
            <Debugging>
              <DebugInfoType Value="dsDwarf2Set"/>
              <TrashVariables Value="True"/>
              <UseExternalDbgSyms Value="True"/>
            </Debugging>
            <LinkSmart Value="True"/>
            <Options>
              <Win32>
                <GraphicApplication Value="True"/>
              </Win32>
            </Options>
          </Linking>
          <Other>
            <Verbosity>
              <ShoLineNum Value="True"/>
              <ShowAll Value="True"/>
              <ShowDebugInfo Value="True"/>
              <ShowUsedFiles Value="True"/>
              <ShowTriedFiles Value="True"/>
              <ShowCompProc Value="True"/>
              <ShowCond Value="True"/>
              <ShowExecInfo Value="True"/>
              <ShowHintsForUnusedUnitsInMainSrc Value="True"/>
              <ShowHintsForSenderNotUsed Value="True"/>
            </Verbosity>
            <CustomOptions Value="-CPPACKRECORD=8
-dBorland
-dVer150
-dDelphi7
-dCompiler6_Up
-dPUREPASCAL"/>
            <OtherDefines Count="5">
              <Define0 Value="Borland"/>
              <Define1 Value="Ver150"/>
              <Define2 Value="Delphi7"/>
              <Define3 Value="Compiler6_Up"/>
              <Define4 Value="PUREPASCAL"/>
            </OtherDefines>
          </Other>
        </CompilerOptions>
      </Item3>
    </BuildModes>
    <PublishOptions>
      <Version Value="2"/>
      <UseFileFilters Value="True"/>
    </PublishOptions>
    <RunParams>
      <FormatVersion Value="2"/>
    </RunParams>
    <RequiredPackages Count="7">
      <Item1>
        <PackageName Value="FCL"/>
      </Item1>
      <Item2>
        <PackageName Value="ExceptionLogger"/>
      </Item2>
      <Item3>
        <PackageName Value="RunTimeTypeInfoControls"/>
      </Item3>
      <Item4>
        <PackageName Value="LazControls"/>
      </Item4>
      <Item5>
        <PackageName Value="WinampCtrl7"/>
      </Item5>
      <Item6>
        <PackageName Value="indylaz"/>
      </Item6>
      <Item7>
        <PackageName Value="LCL"/>
      </Item7>
    </RequiredPackages>
    <Units Count="20">
      <Unit0>
        <Filename Value="LCDSmartie.lpr"/>
        <IsPartOfProject Value="True"/>
      </Unit0>
      <Unit1>
        <Filename Value="UMain.pas"/>
        <IsPartOfProject Value="True"/>
        <ComponentName Value="LCDSmartieDisplayForm"/>
        <HasResources Value="True"/>
        <ResourceBaseClass Value="Form"/>
      </Unit1>
      <Unit2>
        <Filename Value="DEFFONT.PAS"/>
        <IsPartOfProject Value="True"/>
      </Unit2>
      <Unit3>
        <Filename Value="FONTMGR.pas"/>
        <IsPartOfProject Value="True"/>
      </Unit3>
      <Unit4>
        <Filename Value="UConfig.pas"/>
        <IsPartOfProject Value="True"/>
      </Unit4>
      <Unit5>
        <Filename Value="UCredits.pas"/>
        <IsPartOfProject Value="True"/>
        <ComponentName Value="CreditsForm"/>
        <HasResources Value="True"/>
        <ResourceBaseClass Value="Form"/>
      </Unit5>
      <Unit6>
        <Filename Value="UData.pas"/>
        <IsPartOfProject Value="True"/>
      </Unit6>
      <Unit7>
        <Filename Value="UDataDisk.pas"/>
        <IsPartOfProject Value="True"/>
      </Unit7>
      <Unit8>
        <Filename Value="UDataDNet.pas"/>
        <IsPartOfProject Value="True"/>
      </Unit8>
      <Unit9>
        <Filename Value="UDataEmail.pas"/>
        <IsPartOfProject Value="True"/>
      </Unit9>
      <Unit10>
        <Filename Value="UDataFolding.pas"/>
        <IsPartOfProject Value="True"/>
      </Unit10>
      <Unit11>
        <Filename Value="UDataGame.pas"/>
        <IsPartOfProject Value="True"/>
      </Unit11>
      <Unit12>
        <Filename Value="UDataNetwork.pas"/>
        <IsPartOfProject Value="True"/>
      </Unit12>
      <Unit13>
        <Filename Value="UDataRSS.pas"/>
        <IsPartOfProject Value="True"/>
      </Unit13>
      <Unit14>
        <Filename Value="UDataSender.pas"/>
        <IsPartOfProject Value="True"/>
      </Unit14>
      <Unit15>
        <Filename Value="udataboinc.pas"/>
        <IsPartOfProject Value="True"/>
        <UnitName Value="UDataBoinc"/>
      </Unit15>
      <Unit16>
        <Filename Value="USetup.pas"/>
        <IsPartOfProject Value="True"/>
        <ComponentName Value="SetupForm"/>
        <HasResources Value="True"/>
        <ResourceBaseClass Value="Form"/>
      </Unit16>
      <Unit17>
        <Filename Value="UCFSetup.pas"/>
        <IsPartOfProject Value="True"/>
        <ComponentName Value="CrystalFontzSetupForm"/>
        <HasResources Value="True"/>
        <ResourceBaseClass Value="Form"/>
      </Unit17>
      <Unit18>
        <Filename Value="UEditLine.pas"/>
        <IsPartOfProject Value="True"/>
        <ComponentName Value="FormEdit"/>
        <HasResources Value="True"/>
        <ResourceBaseClass Value="Form"/>
      </Unit18>
      <Unit19>
        <Filename Value="UDataSystem.pas"/>
        <IsPartOfProject Value="True"/>
      </Unit19>
    </Units>
  </ProjectOptions>
  <CompilerOptions>
    <Version Value="11"/>
    <PathDelim Value="\"/>
    <Target>
      <Filename Value="release-dir\LCDSmartie.exe"/>
    </Target>
    <SearchPaths>
      <IncludeFiles Value="$(ProjOutDir)"/>
      <UnitOutputDirectory Value="fuo"/>
      <ObjectPath Value="components\CoolTrayIcon"/>
    </SearchPaths>
    <Parsing>
      <Style Value="1"/>
      <SyntaxOptions>
        <SyntaxMode Value="Delphi"/>
        <UseAnsiStrings Value="False"/>
      </SyntaxOptions>
    </Parsing>
    <CodeGeneration>
      <SmartLinkUnit Value="True"/>
      <TargetCPU Value="i386"/>
      <TargetOS Value="win32"/>
    </CodeGeneration>
    <Linking>
      <Debugging>
        <DebugInfoType Value="dsDwarf2Set"/>
        <TrashVariables Value="True"/>
        <UseExternalDbgSyms Value="True"/>
      </Debugging>
      <LinkSmart Value="True"/>
      <Options>
        <Win32>
          <GraphicApplication Value="True"/>
        </Win32>
      </Options>
    </Linking>
    <Other>
      <Verbosity>
        <ShoLineNum Value="True"/>
        <ShowAll Value="True"/>
        <ShowDebugInfo Value="True"/>
        <ShowUsedFiles Value="True"/>
        <ShowTriedFiles Value="True"/>
        <ShowCompProc Value="True"/>
        <ShowCond Value="True"/>
        <ShowExecInfo Value="True"/>
        <ShowHintsForUnusedUnitsInMainSrc Value="True"/>
        <ShowHintsForSenderNotUsed Value="True"/>
      </Verbosity>
      <CustomOptions Value="-CPPACKRECORD=8
-SIcom
-WR
-dBorland
-dVer150
-dDelphi7
-dCompiler6_Up
-dPUREPASCAL"/>
    </Other>
  </CompilerOptions>
  <Debugging>
    <Exceptions Count="1">
      <Item1>
        <Name Value="EIdHTTPProtocolException"/>
      </Item1>
    </Exceptions>
  </Debugging>
</CONFIG>
