
Microsoft Visual Studio Solution File, Format Version 12.00
# Visual Studio Version 17
VisualStudioVersion = 17.4.33213.308
MinimumVisualStudioVersion = 10.0.40219.1
Project("{8BC9CEB8-8B4A-11D0-8D11-00A0C91BC942}") = "LCD2USB", "LCD2USB.vcxproj", "{0BBA0A5B-D9BE-42F8-9B9E-7EF366FE9A1F}"
EndProject
Global
	GlobalSection(SolutionConfigurationPlatforms) = preSolution
		Debug|x64 = Debug|x64
		Debug|x86 = Debug|x86
		Release|x64 = Release|x64
		Release|x86 = Release|x86
	EndGlobalSection
	GlobalSection(ProjectConfigurationPlatforms) = postSolution
		{0BBA0A5B-D9BE-42F8-9B9E-7EF366FE9A1F}.Debug|x64.ActiveCfg = Debug|x64
		{0BBA0A5B-D9BE-42F8-9B9E-7EF366FE9A1F}.Debug|x64.Build.0 = Debug|x64
		{0BBA0A5B-D9BE-42F8-9B9E-7EF366FE9A1F}.Debug|x86.ActiveCfg = Debug|Win32
		{0BBA0A5B-D9BE-42F8-9B9E-7EF366FE9A1F}.Debug|x86.Build.0 = Debug|Win32
		{0BBA0A5B-D9BE-42F8-9B9E-7EF366FE9A1F}.Release|x64.ActiveCfg = Release|x64
		{0BBA0A5B-D9BE-42F8-9B9E-7EF366FE9A1F}.Release|x64.Build.0 = Release|x64
		{0BBA0A5B-D9BE-42F8-9B9E-7EF366FE9A1F}.Release|x86.ActiveCfg = Release|Win32
		{0BBA0A5B-D9BE-42F8-9B9E-7EF366FE9A1F}.Release|x86.Build.0 = Release|Win32
	EndGlobalSection
	GlobalSection(SolutionProperties) = preSolution
		HideSolutionNode = FALSE
	EndGlobalSection
	GlobalSection(ExtensibilityGlobals) = postSolution
		SolutionGuid = {985368D5-77FB-49B1-AACD-F1D9A02CFEB7}
	EndGlobalSection
EndGlobal
